{
  "projects": [
    {
      "projectId": "9Vr5YWkf3w7jj6SsTcCEta",
      "version": "0.1.0",
      "dependencies": {},
      "lang": "ts",
      "fileLocks": [
        {
          "assetId": "9Vr5YWkf3w7jj6SsTcCEta",
          "type": "projectCss",
          "checksum": "e1ec850476829c38b0f9b6d4f7ac446a"
        }
      ],
      "codegenVersion": "0.0.1"
    },
    {
      "projectId": "jkU633o1Cz7HrJdwdxhVHk",
      "version": "16.0.0",
      "dependencies": {},
      "lang": "ts",
      "fileLocks": [
        {
          "assetId": "jkU633o1Cz7HrJdwdxhVHk",
          "type": "projectCss",
          "checksum": "e1ec850476829c38b0f9b6d4f7ac446a"
        }
      ],
      "codegenVersion": "0.0.1"
    },
    {
      "projectId": "ohDidvG9XsCeFumugENU3J",
      "version": "4.9.0",
      "dependencies": {},
      "lang": "ts",
      "fileLocks": [
        {
          "assetId": "ohDidvG9XsCeFumugENU3J",
          "type": "projectCss",
          "checksum": "fd83b730367fdbde2c69bc6cf31c2a3c"
        },
        {
          "assetId": "ohDidvG9XsCeFumugENU3J",
          "checksum": "8f45a75070e2f0edc34a4dc3d5f6b736",
          "type": "globalContexts"
        }
      ],
      "codegenVersion": "0.0.1"
    },
    {
      "projectId": "pLBFvp9kB8xxJps5wo2orW",
      "version": "latest",
      "dependencies": {
        "ohDidvG9XsCeFumugENU3J": "4.9.0",
        "jkU633o1Cz7HrJdwdxhVHk": "16.0.0",
        "9Vr5YWkf3w7jj6SsTcCEta": "0.1.0"
      },
      "lang": "ts",
      "fileLocks": [
        {
          "type": "globalVariant",
          "assetId": "NrSgHnSUJr_",
          "checksum": "ccbc90367d9d5ad4dd9085d5f3fecb11"
        },
        {
          "assetId": "pLBFvp9kB8xxJps5wo2orW",
          "type": "projectCss",
          "checksum": "e9a9ae7f5e99ded711495f373084aea7"
        },
        {
          "assetId": "pLBFvp9kB8xxJps5wo2orW",
          "checksum": "9d937bc8a7e90a5fa90e7a4780a93040",
          "type": "globalContexts"
        },
        {
          "type": "renderModule",
          "assetId": "PxV2kLg3HB",
          "checksum": "c359cdeb0baf79baec99ed89ede991c0"
        },
        {
          "type": "cssRules",
          "assetId": "PxV2kLg3HB",
          "checksum": "c359cdeb0baf79baec99ed89ede991c0"
        },
        {
          "type": "renderModule",
          "assetId": "T7-5KgjH6xY",
          "checksum": "d14fbdf42529cecb5579416de3a66d61"
        },
        {
          "type": "cssRules",
          "assetId": "T7-5KgjH6xY",
          "checksum": "d14fbdf42529cecb5579416de3a66d61"
        },
        {
          "type": "renderModule",
          "assetId": "DWiCNZqm9n",
          "checksum": "57d0727b3fac372489da0c39055f3fb5"
        },
        {
          "type": "cssRules",
          "assetId": "DWiCNZqm9n",
          "checksum": "57d0727b3fac372489da0c39055f3fb5"
        },
        {
          "type": "renderModule",
          "assetId": "Hi6EakQTRJ",
          "checksum": "46ffc29fb8473b77c1fd3126a92c0d5a"
        },
        {
          "type": "cssRules",
          "assetId": "Hi6EakQTRJ",
          "checksum": "46ffc29fb8473b77c1fd3126a92c0d5a"
        },
        {
          "type": "renderModule",
          "assetId": "OVr8MF3dya",
          "checksum": "eb459bc2506715cd50b90a4d554346d7"
        },
        {
          "type": "cssRules",
          "assetId": "OVr8MF3dya",
          "checksum": "eb459bc2506715cd50b90a4d554346d7"
        },
        {
          "type": "icon",
          "assetId": "0xXj_fxp15G",
          "checksum": "dd3d946ceb4011f6e01db6afcb8dccf3"
        },
        {
          "type": "icon",
          "assetId": "RF_PLqAhT8l",
          "checksum": "b01b5eb42001791113acde8e957d3bd8"
        },
        {
          "type": "icon",
          "assetId": "ThMH_MAZU",
          "checksum": "151e27c1389a64d1e318440448f720fe"
        },
        {
          "type": "icon",
          "assetId": "k4U2ODVvZY",
          "checksum": "7885f217ea6619a367b872a15b6b14ad"
        },
        {
          "type": "icon",
          "assetId": "9yNJ4b_XZE",
          "checksum": "4dcd161f98581d89e39adf0f9e260de0"
        },
        {
          "type": "icon",
          "assetId": "GFoQRWSapB",
          "checksum": "7c039cb9f87a4b99b56eea1c75e13d32"
        },
        {
          "type": "icon",
          "assetId": "atL352W1bc",
          "checksum": "8102640869230ce3b73684f14a658eea"
        },
        {
          "type": "icon",
          "assetId": "7dSLYDJz3s",
          "checksum": "938dce4e96a93202cb1e5cb72b47b0ef"
        },
        {
          "type": "icon",
          "assetId": "oTYPZPgGg_",
          "checksum": "d9add8c8e84a8e8423597b1722289072"
        },
        {
          "type": "icon",
          "assetId": "Mn6BOdqRZe",
          "checksum": "eb4253160a94fc62d86c2ee90625fd5a"
        },
        {
          "type": "icon",
          "assetId": "1R2ec3bq3n",
          "checksum": "d7a839db694b3e565a288d0192d42f9f"
        },
        {
          "type": "icon",
          "assetId": "Fra_PF4pFv",
          "checksum": "fdc047005e40a5113aa1fec2ecffc1f4"
        },
        {
          "type": "icon",
          "assetId": "dOBGryn2jc",
          "checksum": "18375aa7e2418edf8d1a4061f5f48f16"
        },
        {
          "type": "icon",
          "assetId": "gZR_n-jBAG",
          "checksum": "b234e26badf9e5904704c71ef53b8a6c"
        },
        {
          "type": "icon",
          "assetId": "Ged8Qcxv-H",
          "checksum": "f58889269cac786a2303b77fcc28a611"
        },
        {
          "type": "icon",
          "assetId": "48zSP6Tnjv",
          "checksum": "56ab37e05a67c65f3f972ed158c6d9d4"
        },
        {
          "type": "icon",
          "assetId": "hE-DRDZLu8",
          "checksum": "d50ec565c9bb9e4ed31ccab3962aef8c"
        },
        {
          "type": "icon",
          "assetId": "cS0BaMlYVf",
          "checksum": "b9242e0c219abfff9f931d626f6aefce"
        },
        {
          "type": "icon",
          "assetId": "XP8lyRbK-g",
          "checksum": "fa012f4899f6c2b3719787c34e780900"
        },
        {
          "type": "icon",
          "assetId": "YTCSHyLFcU",
          "checksum": "8eb11fbdda54e7eb3fb59b5ead825e1c"
        },
        {
          "type": "image",
          "assetId": "B4cxlf-TqB",
          "checksum": "c179f07e5219ca6bcc719f464be1f7a7"
        },
        {
          "type": "image",
          "assetId": "R-e1WCo6e",
          "checksum": "e6c404f86dd1a1fee26a5ddc0d2a903e"
        },
        {
          "type": "image",
          "assetId": "RyHm3Aai3I",
          "checksum": "2ba2efe0ea860bf347ddf821af97ea91"
        },
        {
          "type": "image",
          "assetId": "kUtDVyk6tW",
          "checksum": "05c51bc09b7601a702c7d183466acfe8"
        }
      ],
      "codegenVersion": "0.0.1"
    }
  ],
  "cliVersion": "0.1.302"
}
